
Microsoft Visual Studio Solution File, Format Version 12.00
# Visual Studio Version 17
VisualStudioVersion = 17.9.34728.123
MinimumVisualStudioVersion = 10.0.40219.1
Project("{FAE04EC0-301F-11D3-BF4B-00C04F79EFBC}") = "Hotel", "Hotel.csproj", "{F2F8FA2C-6DA0-4AB2-B17E-0F4A19EE68A2}"
EndProject
Global
	GlobalSection(SolutionConfigurationPlatforms) = preSolution
		Debug|Any CPU = Debug|Any CPU
		Release|Any CPU = Release|Any CPU
	EndGlobalSection
	GlobalSection(ProjectConfigurationPlatforms) = postSolution
		{F2F8FA2C-6DA0-4AB2-B17E-0F4A19EE68A2}.Debug|Any CPU.ActiveCfg = Debug|Any CPU
		{F2F8FA2C-6DA0-4AB2-B17E-0F4A19EE68A2}.Debug|Any CPU.Build.0 = Debug|Any CPU
		{F2F8FA2C-6DA0-4AB2-B17E-0F4A19EE68A2}.Release|Any CPU.ActiveCfg = Release|Any CPU
		{F2F8FA2C-6DA0-4AB2-B17E-0F4A19EE68A2}.Release|Any CPU.Build.0 = Release|Any CPU
	EndGlobalSection
	GlobalSection(SolutionProperties) = preSolution
		HideSolutionNode = FALSE
	EndGlobalSection
	GlobalSection(ExtensibilityGlobals) = postSolution
		SolutionGuid = {A9EB6BBF-405A-4010-8228-64A29015E8C2}
	EndGlobalSection
EndGlobal
